
Microsoft Visual Studio Solution File, Format Version 12.00
# Visual Studio 2013
VisualStudioVersion = 12.0.21005.1
MinimumVisualStudioVersion = 10.0.40219.1
Project("{FAE04EC0-301F-11D3-BF4B-00C04F79EFBC}") = "Generic.BlogAPI.Core", "src\Generic.BlogAPI.Core\Generic.BlogAPI.Core.csproj", "{1AC51C34-80C1-49E6-886E-3274DEC5D17D}"
EndProject
Project("{2150E333-8FDC-42A3-9474-1A3956D46DE8}") = "Tests", "Tests", "{D54A3EEE-D158-4324-97F9-7F87D2BA3F07}"
EndProject
Project("{FAE04EC0-301F-11D3-BF4B-00C04F79EFBC}") = "Generic.BlogAPI.Tests", "test\Generic.BlogAPI.Tests\Generic.BlogAPI.Tests.csproj", "{ADCCDA5B-A1A8-43AC-96A8-049769E5C312}"
EndProject
Project("{FAE04EC0-301F-11D3-BF4B-00C04F79EFBC}") = "Generic.BlogAPI.Core.Tests", "test\Generic.BlogAPI.Core.Tests\Generic.BlogAPI.Core.Tests.csproj", "{F3343813-CFDC-4F83-9950-DAF58110EF54}"
EndProject
Project("{FAE04EC0-301F-11D3-BF4B-00C04F79EFBC}") = "Generic.BlogAPI", "src\Generic.BlogAPI\Generic.BlogAPI.csproj", "{F3B29E73-F6F7-4583-97C2-40CD5E02C948}"
EndProject
Project("{2150E333-8FDC-42A3-9474-1A3956D46DE8}") = ".nuget", ".nuget", "{DB72E8E5-A697-4816-9EE8-EA923A07BF32}"
	ProjectSection(SolutionItems) = preProject
		.nuget\NuGet.Config = .nuget\NuGet.Config
		.nuget\NuGet.exe = .nuget\NuGet.exe
		.nuget\NuGet.targets = .nuget\NuGet.targets
	EndProjectSection
EndProject
Global
	GlobalSection(SolutionConfigurationPlatforms) = preSolution
		Debug|Any CPU = Debug|Any CPU
		Homlog|Any CPU = Homlog|Any CPU
		Homolog|Any CPU = Homolog|Any CPU
		Release|Any CPU = Release|Any CPU
	EndGlobalSection
	GlobalSection(ProjectConfigurationPlatforms) = postSolution
		{1AC51C34-80C1-49E6-886E-3274DEC5D17D}.Debug|Any CPU.ActiveCfg = Debug|Any CPU
		{1AC51C34-80C1-49E6-886E-3274DEC5D17D}.Debug|Any CPU.Build.0 = Debug|Any CPU
		{1AC51C34-80C1-49E6-886E-3274DEC5D17D}.Homlog|Any CPU.ActiveCfg = Debug|Any CPU
		{1AC51C34-80C1-49E6-886E-3274DEC5D17D}.Homlog|Any CPU.Build.0 = Debug|Any CPU
		{1AC51C34-80C1-49E6-886E-3274DEC5D17D}.Homolog|Any CPU.ActiveCfg = Debug|Any CPU
		{1AC51C34-80C1-49E6-886E-3274DEC5D17D}.Homolog|Any CPU.Build.0 = Debug|Any CPU
		{1AC51C34-80C1-49E6-886E-3274DEC5D17D}.Release|Any CPU.ActiveCfg = Release|Any CPU
		{1AC51C34-80C1-49E6-886E-3274DEC5D17D}.Release|Any CPU.Build.0 = Release|Any CPU
		{ADCCDA5B-A1A8-43AC-96A8-049769E5C312}.Debug|Any CPU.ActiveCfg = Debug|Any CPU
		{ADCCDA5B-A1A8-43AC-96A8-049769E5C312}.Debug|Any CPU.Build.0 = Debug|Any CPU
		{ADCCDA5B-A1A8-43AC-96A8-049769E5C312}.Homlog|Any CPU.ActiveCfg = Debug|Any CPU
		{ADCCDA5B-A1A8-43AC-96A8-049769E5C312}.Homlog|Any CPU.Build.0 = Debug|Any CPU
		{ADCCDA5B-A1A8-43AC-96A8-049769E5C312}.Homolog|Any CPU.ActiveCfg = Debug|Any CPU
		{ADCCDA5B-A1A8-43AC-96A8-049769E5C312}.Homolog|Any CPU.Build.0 = Debug|Any CPU
		{ADCCDA5B-A1A8-43AC-96A8-049769E5C312}.Release|Any CPU.ActiveCfg = Release|Any CPU
		{ADCCDA5B-A1A8-43AC-96A8-049769E5C312}.Release|Any CPU.Build.0 = Release|Any CPU
		{F3343813-CFDC-4F83-9950-DAF58110EF54}.Debug|Any CPU.ActiveCfg = Debug|Any CPU
		{F3343813-CFDC-4F83-9950-DAF58110EF54}.Debug|Any CPU.Build.0 = Debug|Any CPU
		{F3343813-CFDC-4F83-9950-DAF58110EF54}.Homlog|Any CPU.ActiveCfg = Debug|Any CPU
		{F3343813-CFDC-4F83-9950-DAF58110EF54}.Homlog|Any CPU.Build.0 = Debug|Any CPU
		{F3343813-CFDC-4F83-9950-DAF58110EF54}.Homolog|Any CPU.ActiveCfg = Debug|Any CPU
		{F3343813-CFDC-4F83-9950-DAF58110EF54}.Homolog|Any CPU.Build.0 = Debug|Any CPU
		{F3343813-CFDC-4F83-9950-DAF58110EF54}.Release|Any CPU.ActiveCfg = Release|Any CPU
		{F3343813-CFDC-4F83-9950-DAF58110EF54}.Release|Any CPU.Build.0 = Release|Any CPU
		{F3B29E73-F6F7-4583-97C2-40CD5E02C948}.Debug|Any CPU.ActiveCfg = Debug|Any CPU
		{F3B29E73-F6F7-4583-97C2-40CD5E02C948}.Debug|Any CPU.Build.0 = Debug|Any CPU
		{F3B29E73-F6F7-4583-97C2-40CD5E02C948}.Homlog|Any CPU.ActiveCfg = Debug|Any CPU
		{F3B29E73-F6F7-4583-97C2-40CD5E02C948}.Homlog|Any CPU.Build.0 = Debug|Any CPU
		{F3B29E73-F6F7-4583-97C2-40CD5E02C948}.Homolog|Any CPU.ActiveCfg = Debug|Any CPU
		{F3B29E73-F6F7-4583-97C2-40CD5E02C948}.Homolog|Any CPU.Build.0 = Debug|Any CPU
		{F3B29E73-F6F7-4583-97C2-40CD5E02C948}.Release|Any CPU.ActiveCfg = Release|Any CPU
		{F3B29E73-F6F7-4583-97C2-40CD5E02C948}.Release|Any CPU.Build.0 = Release|Any CPU
	EndGlobalSection
	GlobalSection(SolutionProperties) = preSolution
		HideSolutionNode = FALSE
	EndGlobalSection
	GlobalSection(NestedProjects) = preSolution
		{ADCCDA5B-A1A8-43AC-96A8-049769E5C312} = {D54A3EEE-D158-4324-97F9-7F87D2BA3F07}
		{F3343813-CFDC-4F83-9950-DAF58110EF54} = {D54A3EEE-D158-4324-97F9-7F87D2BA3F07}
	EndGlobalSection
EndGlobal
